
Microsoft Visual Studio Solution File, Format Version 12.00
# Visual Studio 14
VisualStudioVersion = 14.0.24720.0
MinimumVisualStudioVersion = 10.0.40219.1
Project("{888888A0-9F3D-457C-B088-3A5042F75D52}") = "ProjectEulerPython", "ProjectEulerPython\ProjectEulerPython.pyproj", "{B68AA06E-05AF-4E6B-8B28-07CD386A9E18}"
EndProject
Global
	GlobalSection(SolutionConfigurationPlatforms) = preSolution
		Debug|Any CPU = Debug|Any CPU
		Release|Any CPU = Release|Any CPU
	EndGlobalSection
	GlobalSection(ProjectConfigurationPlatforms) = postSolution
		{B68AA06E-05AF-4E6B-8B28-07CD386A9E18}.Debug|Any CPU.ActiveCfg = Debug|Any CPU
		{B68AA06E-05AF-4E6B-8B28-07CD386A9E18}.Release|Any CPU.ActiveCfg = Release|Any CPU
	EndGlobalSection
	GlobalSection(SolutionProperties) = preSolution
		HideSolutionNode = FALSE
	EndGlobalSection
EndGlobal
